PODS:
  - Flutter (1.0.0)
  - install_referrer (1.0.0):
    - Flutter

DEPENDENCIES:
  - Flutter (from `Flutter`)
  - install_referrer (from `.symlinks/plugins/install_referrer/ios`)

EXTERNAL SOURCES:
  Flutter:
    :path: Flutter
  install_referrer:
    :path: ".symlinks/plugins/install_referrer/ios"

SPEC CHECKSUMS:
  Flutter: 50d75fe2f02b26cc09d224853bb45737f8b3214a
  install_referrer: 1bde9acf8b1bfd372706454234444a01b5732bcf

PODFILE CHECKSUM: aafe91acc616949ddb318b77800a7f51bffa2a4c

COCOAPODS: 1.10.1
